
Microsoft Visual Studio Solution File, Format Version 12.00
# Visual Studio 2012
Project("{8BC9CEB8-8B4A-11D0-8D11-00A0C91BC942}") = "XeEngine", "XeEngine\XeEngine.vcxproj", "{AD6B5C5B-3B4E-4C05-8674-96159641A2FA}"
EndProject
Project("{FAE04EC0-301F-11D3-BF4B-00C04F79EFBC}") = "GFXTool", "GFXTool\GFXTool.csproj", "{E0555E88-A293-4B50-81C9-B5C1B07077FA}"
EndProject
Project("{FAE04EC0-301F-11D3-BF4B-00C04F79EFBC}") = "StageConfig", "StageConfig\StageConfig.csproj", "{890E79BF-16BE-4765-8B45-4940BB450EE6}"
EndProject
Project("{8BC9CEB8-8B4A-11D0-8D11-00A0C91BC942}") = "XeCPU", "XeCPU\XeCPU.vcxproj", "{A157F290-10A4-48D4-BCB9-78F6A5653ADC}"
EndProject
Project("{FAE04EC0-301F-11D3-BF4B-00C04F79EFBC}") = "DynamicGraphic", "DynamicGraphic\DynamicGraphic.csproj", "{1E57856A-F566-4AF4-B6E7-5E4B5CBDCC11}"
	ProjectSection(ProjectDependencies) = postProject
		{7A7D9416-526F-4CE7-9286-C6394D318299} = {7A7D9416-526F-4CE7-9286-C6394D318299}
	EndProjectSection
EndProject
Project("{FAE04EC0-301F-11D3-BF4B-00C04F79EFBC}") = "XeLib", "XeLib\XeLib.csproj", "{7A7D9416-526F-4CE7-9286-C6394D318299}"
EndProject
Project("{FAE04EC0-301F-11D3-BF4B-00C04F79EFBC}") = "GameList", "GameList\GameList.csproj", "{06F911B4-F0E6-48F7-A528-DCF25FD50833}"
EndProject
Project("{2150E333-8FDC-42A3-9474-1A3956D46DE8}") = "Tools", "Tools", "{E191567A-5488-4805-81B1-BBF424BCBAA1}"
EndProject
Project("{8BC9CEB8-8B4A-11D0-8D11-00A0C91BC942}") = "libXeEngine", "libXeEngine\libXeEngine.vcxproj", "{78744011-976C-4C40-9B61-481808AB003E}"
EndProject
Project("{8BC9CEB8-8B4A-11D0-8D11-00A0C91BC942}") = "RESonic", "RESonic\RESonic.vcxproj", "{9FDE0F51-DA8C-42F3-A262-CED5A8A90EDC}"
EndProject
Project("{8BC9CEB8-8B4A-11D0-8D11-00A0C91BC942}") = "libXeEditor", "libXeEditor\libXeEditor.vcxproj", "{F084FE41-029C-45B4-AFD3-4429BFA7732E}"
EndProject
Project("{8BC9CEB8-8B4A-11D0-8D11-00A0C91BC942}") = "MatrixTest", "MatrixTest\MatrixTest.vcxproj", "{31B83D8E-25EB-4D86-B99A-0B221E51A049}"
EndProject
Project("{8BC9CEB8-8B4A-11D0-8D11-00A0C91BC942}") = "XeScript", "XeScript\XeScript.vcxproj", "{5285A0CD-46B4-4C38-82D8-F0C8549BD958}"
EndProject
Project("{FAE04EC0-301F-11D3-BF4B-00C04F79EFBC}") = "ObjectEditor", "ObjectEditor\ObjectEditor.csproj", "{14E6E2ED-3AC6-4630-BA5A-A40FE9D3621C}"
EndProject
Global
	GlobalSection(SolutionConfigurationPlatforms) = preSolution
		Debug|Any CPU = Debug|Any CPU
		Debug|Mixed Platforms = Debug|Mixed Platforms
		Debug|Win32 = Debug|Win32
		Debug|x64 = Debug|x64
		Public|Any CPU = Public|Any CPU
		Public|Mixed Platforms = Public|Mixed Platforms
		Public|Win32 = Public|Win32
		Public|x64 = Public|x64
		Release (editor)|Any CPU = Release (editor)|Any CPU
		Release (editor)|Mixed Platforms = Release (editor)|Mixed Platforms
		Release (editor)|Win32 = Release (editor)|Win32
		Release (editor)|x64 = Release (editor)|x64
		Release|Any CPU = Release|Any CPU
		Release|Mixed Platforms = Release|Mixed Platforms
		Release|Win32 = Release|Win32
		Release|x64 = Release|x64
	EndGlobalSection
	GlobalSection(ProjectConfigurationPlatforms) = postSolution
		{AD6B5C5B-3B4E-4C05-8674-96159641A2FA}.Debug|Any CPU.ActiveCfg = Debug|Win32
		{AD6B5C5B-3B4E-4C05-8674-96159641A2FA}.Debug|Mixed Platforms.ActiveCfg = Debug|Win32
		{AD6B5C5B-3B4E-4C05-8674-96159641A2FA}.Debug|Mixed Platforms.Build.0 = Debug|Win32
		{AD6B5C5B-3B4E-4C05-8674-96159641A2FA}.Debug|Win32.ActiveCfg = Debug|Win32
		{AD6B5C5B-3B4E-4C05-8674-96159641A2FA}.Debug|Win32.Build.0 = Debug|Win32
		{AD6B5C5B-3B4E-4C05-8674-96159641A2FA}.Debug|x64.ActiveCfg = Debug|x64
		{AD6B5C5B-3B4E-4C05-8674-96159641A2FA}.Debug|x64.Build.0 = Debug|x64
		{AD6B5C5B-3B4E-4C05-8674-96159641A2FA}.Public|Any CPU.ActiveCfg = Public|Win32
		{AD6B5C5B-3B4E-4C05-8674-96159641A2FA}.Public|Mixed Platforms.ActiveCfg = Public|Win32
		{AD6B5C5B-3B4E-4C05-8674-96159641A2FA}.Public|Mixed Platforms.Build.0 = Public|Win32
		{AD6B5C5B-3B4E-4C05-8674-96159641A2FA}.Public|Win32.ActiveCfg = Public|Win32
		{AD6B5C5B-3B4E-4C05-8674-96159641A2FA}.Public|Win32.Build.0 = Public|Win32
		{AD6B5C5B-3B4E-4C05-8674-96159641A2FA}.Public|x64.ActiveCfg = Public|x64
		{AD6B5C5B-3B4E-4C05-8674-96159641A2FA}.Public|x64.Build.0 = Public|x64
		{AD6B5C5B-3B4E-4C05-8674-96159641A2FA}.Release (editor)|Any CPU.ActiveCfg = Release|Win32
		{AD6B5C5B-3B4E-4C05-8674-96159641A2FA}.Release (editor)|Mixed Platforms.ActiveCfg = Release|Win32
		{AD6B5C5B-3B4E-4C05-8674-96159641A2FA}.Release (editor)|Mixed Platforms.Build.0 = Release|Win32
		{AD6B5C5B-3B4E-4C05-8674-96159641A2FA}.Release (editor)|Win32.ActiveCfg = Release|Win32
		{AD6B5C5B-3B4E-4C05-8674-96159641A2FA}.Release (editor)|Win32.Build.0 = Release|Win32
		{AD6B5C5B-3B4E-4C05-8674-96159641A2FA}.Release (editor)|x64.ActiveCfg = Release|x64
		{AD6B5C5B-3B4E-4C05-8674-96159641A2FA}.Release (editor)|x64.Build.0 = Release|x64
		{AD6B5C5B-3B4E-4C05-8674-96159641A2FA}.Release|Any CPU.ActiveCfg = Release|Win32
		{AD6B5C5B-3B4E-4C05-8674-96159641A2FA}.Release|Mixed Platforms.ActiveCfg = Release|Win32
		{AD6B5C5B-3B4E-4C05-8674-96159641A2FA}.Release|Mixed Platforms.Build.0 = Release|Win32
		{AD6B5C5B-3B4E-4C05-8674-96159641A2FA}.Release|Win32.ActiveCfg = Release|Win32
		{AD6B5C5B-3B4E-4C05-8674-96159641A2FA}.Release|Win32.Build.0 = Release|Win32
		{AD6B5C5B-3B4E-4C05-8674-96159641A2FA}.Release|x64.ActiveCfg = Release|x64
		{AD6B5C5B-3B4E-4C05-8674-96159641A2FA}.Release|x64.Build.0 = Release|x64
		{E0555E88-A293-4B50-81C9-B5C1B07077FA}.Debug|Any CPU.ActiveCfg = Debug|Any CPU
		{E0555E88-A293-4B50-81C9-B5C1B07077FA}.Debug|Any CPU.Build.0 = Debug|Any CPU
		{E0555E88-A293-4B50-81C9-B5C1B07077FA}.Debug|Mixed Platforms.ActiveCfg = Debug|Any CPU
		{E0555E88-A293-4B50-81C9-B5C1B07077FA}.Debug|Mixed Platforms.Build.0 = Debug|Any CPU
		{E0555E88-A293-4B50-81C9-B5C1B07077FA}.Debug|Win32.ActiveCfg = Debug|Any CPU
		{E0555E88-A293-4B50-81C9-B5C1B07077FA}.Debug|x64.ActiveCfg = Debug|x64
		{E0555E88-A293-4B50-81C9-B5C1B07077FA}.Public|Any CPU.ActiveCfg = Release|Any CPU
		{E0555E88-A293-4B50-81C9-B5C1B07077FA}.Public|Any CPU.Build.0 = Release|Any CPU
		{E0555E88-A293-4B50-81C9-B5C1B07077FA}.Public|Mixed Platforms.ActiveCfg = Release|Any CPU
		{E0555E88-A293-4B50-81C9-B5C1B07077FA}.Public|Mixed Platforms.Build.0 = Release|Any CPU
		{E0555E88-A293-4B50-81C9-B5C1B07077FA}.Public|Win32.ActiveCfg = Release|Any CPU
		{E0555E88-A293-4B50-81C9-B5C1B07077FA}.Public|x64.ActiveCfg = Release|x64
		{E0555E88-A293-4B50-81C9-B5C1B07077FA}.Public|x64.Build.0 = Release|x64
		{E0555E88-A293-4B50-81C9-B5C1B07077FA}.Release (editor)|Any CPU.ActiveCfg = Release|Any CPU
		{E0555E88-A293-4B50-81C9-B5C1B07077FA}.Release (editor)|Any CPU.Build.0 = Release|Any CPU
		{E0555E88-A293-4B50-81C9-B5C1B07077FA}.Release (editor)|Mixed Platforms.ActiveCfg = Release|Any CPU
		{E0555E88-A293-4B50-81C9-B5C1B07077FA}.Release (editor)|Mixed Platforms.Build.0 = Release|Any CPU
		{E0555E88-A293-4B50-81C9-B5C1B07077FA}.Release (editor)|Win32.ActiveCfg = Release|Any CPU
		{E0555E88-A293-4B50-81C9-B5C1B07077FA}.Release (editor)|x64.ActiveCfg = Release|x64
		{E0555E88-A293-4B50-81C9-B5C1B07077FA}.Release (editor)|x64.Build.0 = Release|x64
		{E0555E88-A293-4B50-81C9-B5C1B07077FA}.Release|Any CPU.ActiveCfg = Release|Any CPU
		{E0555E88-A293-4B50-81C9-B5C1B07077FA}.Release|Any CPU.Build.0 = Release|Any CPU
		{E0555E88-A293-4B50-81C9-B5C1B07077FA}.Release|Mixed Platforms.ActiveCfg = Release|Any CPU
		{E0555E88-A293-4B50-81C9-B5C1B07077FA}.Release|Mixed Platforms.Build.0 = Release|Any CPU
		{E0555E88-A293-4B50-81C9-B5C1B07077FA}.Release|Win32.ActiveCfg = Release|Any CPU
		{E0555E88-A293-4B50-81C9-B5C1B07077FA}.Release|x64.ActiveCfg = Release|x64
		{890E79BF-16BE-4765-8B45-4940BB450EE6}.Debug|Any CPU.ActiveCfg = Debug|Any CPU
		{890E79BF-16BE-4765-8B45-4940BB450EE6}.Debug|Any CPU.Build.0 = Debug|Any CPU
		{890E79BF-16BE-4765-8B45-4940BB450EE6}.Debug|Mixed Platforms.ActiveCfg = Debug|Any CPU
		{890E79BF-16BE-4765-8B45-4940BB450EE6}.Debug|Mixed Platforms.Build.0 = Debug|Any CPU
		{890E79BF-16BE-4765-8B45-4940BB450EE6}.Debug|Win32.ActiveCfg = Debug|Any CPU
		{890E79BF-16BE-4765-8B45-4940BB450EE6}.Debug|x64.ActiveCfg = Debug|x64
		{890E79BF-16BE-4765-8B45-4940BB450EE6}.Public|Any CPU.ActiveCfg = Release|Any CPU
		{890E79BF-16BE-4765-8B45-4940BB450EE6}.Public|Any CPU.Build.0 = Release|Any CPU
		{890E79BF-16BE-4765-8B45-4940BB450EE6}.Public|Mixed Platforms.ActiveCfg = Release|Any CPU
		{890E79BF-16BE-4765-8B45-4940BB450EE6}.Public|Mixed Platforms.Build.0 = Release|Any CPU
		{890E79BF-16BE-4765-8B45-4940BB450EE6}.Public|Win32.ActiveCfg = Release|Any CPU
		{890E79BF-16BE-4765-8B45-4940BB450EE6}.Public|x64.ActiveCfg = Release|x64
		{890E79BF-16BE-4765-8B45-4940BB450EE6}.Public|x64.Build.0 = Release|x64
		{890E79BF-16BE-4765-8B45-4940BB450EE6}.Release (editor)|Any CPU.ActiveCfg = Release|Any CPU
		{890E79BF-16BE-4765-8B45-4940BB450EE6}.Release (editor)|Any CPU.Build.0 = Release|Any CPU
		{890E79BF-16BE-4765-8B45-4940BB450EE6}.Release (editor)|Mixed Platforms.ActiveCfg = Release|Any CPU
		{890E79BF-16BE-4765-8B45-4940BB450EE6}.Release (editor)|Mixed Platforms.Build.0 = Release|Any CPU
		{890E79BF-16BE-4765-8B45-4940BB450EE6}.Release (editor)|Win32.ActiveCfg = Release|Any CPU
		{890E79BF-16BE-4765-8B45-4940BB450EE6}.Release (editor)|x64.ActiveCfg = Release|x64
		{890E79BF-16BE-4765-8B45-4940BB450EE6}.Release (editor)|x64.Build.0 = Release|x64
		{890E79BF-16BE-4765-8B45-4940BB450EE6}.Release|Any CPU.ActiveCfg = Release|Any CPU
		{890E79BF-16BE-4765-8B45-4940BB450EE6}.Release|Any CPU.Build.0 = Release|Any CPU
		{890E79BF-16BE-4765-8B45-4940BB450EE6}.Release|Mixed Platforms.ActiveCfg = Release|Any CPU
		{890E79BF-16BE-4765-8B45-4940BB450EE6}.Release|Mixed Platforms.Build.0 = Release|Any CPU
		{890E79BF-16BE-4765-8B45-4940BB450EE6}.Release|Win32.ActiveCfg = Release|Any CPU
		{890E79BF-16BE-4765-8B45-4940BB450EE6}.Release|x64.ActiveCfg = Release|x64
		{A157F290-10A4-48D4-BCB9-78F6A5653ADC}.Debug|Any CPU.ActiveCfg = Debug|Win32
		{A157F290-10A4-48D4-BCB9-78F6A5653ADC}.Debug|Mixed Platforms.ActiveCfg = Debug|Win32
		{A157F290-10A4-48D4-BCB9-78F6A5653ADC}.Debug|Mixed Platforms.Build.0 = Debug|Win32
		{A157F290-10A4-48D4-BCB9-78F6A5653ADC}.Debug|Win32.ActiveCfg = Debug|Win32
		{A157F290-10A4-48D4-BCB9-78F6A5653ADC}.Debug|Win32.Build.0 = Debug|Win32
		{A157F290-10A4-48D4-BCB9-78F6A5653ADC}.Debug|x64.ActiveCfg = Debug|x64
		{A157F290-10A4-48D4-BCB9-78F6A5653ADC}.Debug|x64.Build.0 = Debug|x64
		{A157F290-10A4-48D4-BCB9-78F6A5653ADC}.Public|Any CPU.ActiveCfg = Release|Win32
		{A157F290-10A4-48D4-BCB9-78F6A5653ADC}.Public|Mixed Platforms.ActiveCfg = Release|Win32
		{A157F290-10A4-48D4-BCB9-78F6A5653ADC}.Public|Mixed Platforms.Build.0 = Release|Win32
		{A157F290-10A4-48D4-BCB9-78F6A5653ADC}.Public|Win32.ActiveCfg = Release|Win32
		{A157F290-10A4-48D4-BCB9-78F6A5653ADC}.Public|Win32.Build.0 = Release|Win32
		{A157F290-10A4-48D4-BCB9-78F6A5653ADC}.Public|x64.ActiveCfg = Release|x64
		{A157F290-10A4-48D4-BCB9-78F6A5653ADC}.Public|x64.Build.0 = Release|x64
		{A157F290-10A4-48D4-BCB9-78F6A5653ADC}.Release (editor)|Any CPU.ActiveCfg = Release|Win32
		{A157F290-10A4-48D4-BCB9-78F6A5653ADC}.Release (editor)|Mixed Platforms.ActiveCfg = Release|Win32
		{A157F290-10A4-48D4-BCB9-78F6A5653ADC}.Release (editor)|Mixed Platforms.Build.0 = Release|Win32
		{A157F290-10A4-48D4-BCB9-78F6A5653ADC}.Release (editor)|Win32.ActiveCfg = Release|Win32
		{A157F290-10A4-48D4-BCB9-78F6A5653ADC}.Release (editor)|Win32.Build.0 = Release|Win32
		{A157F290-10A4-48D4-BCB9-78F6A5653ADC}.Release (editor)|x64.ActiveCfg = Release|x64
		{A157F290-10A4-48D4-BCB9-78F6A5653ADC}.Release (editor)|x64.Build.0 = Release|x64
		{A157F290-10A4-48D4-BCB9-78F6A5653ADC}.Release|Any CPU.ActiveCfg = Release|Win32
		{A157F290-10A4-48D4-BCB9-78F6A5653ADC}.Release|Mixed Platforms.ActiveCfg = Release|Win32
		{A157F290-10A4-48D4-BCB9-78F6A5653ADC}.Release|Mixed Platforms.Build.0 = Release|Win32
		{A157F290-10A4-48D4-BCB9-78F6A5653ADC}.Release|Win32.ActiveCfg = Release|Win32
		{A157F290-10A4-48D4-BCB9-78F6A5653ADC}.Release|Win32.Build.0 = Release|Win32
		{A157F290-10A4-48D4-BCB9-78F6A5653ADC}.Release|x64.ActiveCfg = Release|x64
		{A157F290-10A4-48D4-BCB9-78F6A5653ADC}.Release|x64.Build.0 = Release|x64
		{1E57856A-F566-4AF4-B6E7-5E4B5CBDCC11}.Debug|Any CPU.ActiveCfg = Debug|Any CPU
		{1E57856A-F566-4AF4-B6E7-5E4B5CBDCC11}.Debug|Any CPU.Build.0 = Debug|Any CPU
		{1E57856A-F566-4AF4-B6E7-5E4B5CBDCC11}.Debug|Mixed Platforms.ActiveCfg = Debug|Any CPU
		{1E57856A-F566-4AF4-B6E7-5E4B5CBDCC11}.Debug|Mixed Platforms.Build.0 = Debug|Any CPU
		{1E57856A-F566-4AF4-B6E7-5E4B5CBDCC11}.Debug|Win32.ActiveCfg = Debug|Any CPU
		{1E57856A-F566-4AF4-B6E7-5E4B5CBDCC11}.Debug|x64.ActiveCfg = Debug|x64
		{1E57856A-F566-4AF4-B6E7-5E4B5CBDCC11}.Public|Any CPU.ActiveCfg = Release|Any CPU
		{1E57856A-F566-4AF4-B6E7-5E4B5CBDCC11}.Public|Any CPU.Build.0 = Release|Any CPU
		{1E57856A-F566-4AF4-B6E7-5E4B5CBDCC11}.Public|Mixed Platforms.ActiveCfg = Release|Any CPU
		{1E57856A-F566-4AF4-B6E7-5E4B5CBDCC11}.Public|Mixed Platforms.Build.0 = Release|Any CPU
		{1E57856A-F566-4AF4-B6E7-5E4B5CBDCC11}.Public|Win32.ActiveCfg = Release|Any CPU
		{1E57856A-F566-4AF4-B6E7-5E4B5CBDCC11}.Public|x64.ActiveCfg = Release|x64
		{1E57856A-F566-4AF4-B6E7-5E4B5CBDCC11}.Public|x64.Build.0 = Release|x64
		{1E57856A-F566-4AF4-B6E7-5E4B5CBDCC11}.Release (editor)|Any CPU.ActiveCfg = Release|Any CPU
		{1E57856A-F566-4AF4-B6E7-5E4B5CBDCC11}.Release (editor)|Any CPU.Build.0 = Release|Any CPU
		{1E57856A-F566-4AF4-B6E7-5E4B5CBDCC11}.Release (editor)|Mixed Platforms.ActiveCfg = Release|Any CPU
		{1E57856A-F566-4AF4-B6E7-5E4B5CBDCC11}.Release (editor)|Mixed Platforms.Build.0 = Release|Any CPU
		{1E57856A-F566-4AF4-B6E7-5E4B5CBDCC11}.Release (editor)|Win32.ActiveCfg = Release|Any CPU
		{1E57856A-F566-4AF4-B6E7-5E4B5CBDCC11}.Release (editor)|x64.ActiveCfg = Release|x64
		{1E57856A-F566-4AF4-B6E7-5E4B5CBDCC11}.Release (editor)|x64.Build.0 = Release|x64
		{1E57856A-F566-4AF4-B6E7-5E4B5CBDCC11}.Release|Any CPU.ActiveCfg = Release|Any CPU
		{1E57856A-F566-4AF4-B6E7-5E4B5CBDCC11}.Release|Any CPU.Build.0 = Release|Any CPU
		{1E57856A-F566-4AF4-B6E7-5E4B5CBDCC11}.Release|Mixed Platforms.ActiveCfg = Release|Any CPU
		{1E57856A-F566-4AF4-B6E7-5E4B5CBDCC11}.Release|Mixed Platforms.Build.0 = Release|Any CPU
		{1E57856A-F566-4AF4-B6E7-5E4B5CBDCC11}.Release|Win32.ActiveCfg = Release|Any CPU
		{1E57856A-F566-4AF4-B6E7-5E4B5CBDCC11}.Release|x64.ActiveCfg = Release|x64
		{7A7D9416-526F-4CE7-9286-C6394D318299}.Debug|Any CPU.ActiveCfg = Debug|Any CPU
		{7A7D9416-526F-4CE7-9286-C6394D318299}.Debug|Any CPU.Build.0 = Debug|Any CPU
		{7A7D9416-526F-4CE7-9286-C6394D318299}.Debug|Mixed Platforms.ActiveCfg = Debug|Any CPU
		{7A7D9416-526F-4CE7-9286-C6394D318299}.Debug|Mixed Platforms.Build.0 = Debug|Any CPU
		{7A7D9416-526F-4CE7-9286-C6394D318299}.Debug|Win32.ActiveCfg = Debug|Any CPU
		{7A7D9416-526F-4CE7-9286-C6394D318299}.Debug|x64.ActiveCfg = Debug|x64
		{7A7D9416-526F-4CE7-9286-C6394D318299}.Public|Any CPU.ActiveCfg = Release|Any CPU
		{7A7D9416-526F-4CE7-9286-C6394D318299}.Public|Any CPU.Build.0 = Release|Any CPU
		{7A7D9416-526F-4CE7-9286-C6394D318299}.Public|Mixed Platforms.ActiveCfg = Release|Any CPU
		{7A7D9416-526F-4CE7-9286-C6394D318299}.Public|Mixed Platforms.Build.0 = Release|Any CPU
		{7A7D9416-526F-4CE7-9286-C6394D318299}.Public|Win32.ActiveCfg = Release|Any CPU
		{7A7D9416-526F-4CE7-9286-C6394D318299}.Public|x64.ActiveCfg = Release|x64
		{7A7D9416-526F-4CE7-9286-C6394D318299}.Public|x64.Build.0 = Release|x64
		{7A7D9416-526F-4CE7-9286-C6394D318299}.Release (editor)|Any CPU.ActiveCfg = Release|Any CPU
		{7A7D9416-526F-4CE7-9286-C6394D318299}.Release (editor)|Any CPU.Build.0 = Release|Any CPU
		{7A7D9416-526F-4CE7-9286-C6394D318299}.Release (editor)|Mixed Platforms.ActiveCfg = Release|Any CPU
		{7A7D9416-526F-4CE7-9286-C6394D318299}.Release (editor)|Mixed Platforms.Build.0 = Release|Any CPU
		{7A7D9416-526F-4CE7-9286-C6394D318299}.Release (editor)|Win32.ActiveCfg = Release|Any CPU
		{7A7D9416-526F-4CE7-9286-C6394D318299}.Release (editor)|x64.ActiveCfg = Release|x64
		{7A7D9416-526F-4CE7-9286-C6394D318299}.Release (editor)|x64.Build.0 = Release|x64
		{7A7D9416-526F-4CE7-9286-C6394D318299}.Release|Any CPU.ActiveCfg = Release|Any CPU
		{7A7D9416-526F-4CE7-9286-C6394D318299}.Release|Any CPU.Build.0 = Release|Any CPU
		{7A7D9416-526F-4CE7-9286-C6394D318299}.Release|Mixed Platforms.ActiveCfg = Release|Any CPU
		{7A7D9416-526F-4CE7-9286-C6394D318299}.Release|Mixed Platforms.Build.0 = Release|Any CPU
		{7A7D9416-526F-4CE7-9286-C6394D318299}.Release|Win32.ActiveCfg = Release|Any CPU
		{7A7D9416-526F-4CE7-9286-C6394D318299}.Release|x64.ActiveCfg = Release|x64
		{06F911B4-F0E6-48F7-A528-DCF25FD50833}.Debug|Any CPU.ActiveCfg = Debug|Any CPU
		{06F911B4-F0E6-48F7-A528-DCF25FD50833}.Debug|Any CPU.Build.0 = Debug|Any CPU
		{06F911B4-F0E6-48F7-A528-DCF25FD50833}.Debug|Mixed Platforms.ActiveCfg = Debug|Any CPU
		{06F911B4-F0E6-48F7-A528-DCF25FD50833}.Debug|Mixed Platforms.Build.0 = Debug|Any CPU
		{06F911B4-F0E6-48F7-A528-DCF25FD50833}.Debug|Win32.ActiveCfg = Debug|Any CPU
		{06F911B4-F0E6-48F7-A528-DCF25FD50833}.Debug|x64.ActiveCfg = Debug|x64
		{06F911B4-F0E6-48F7-A528-DCF25FD50833}.Public|Any CPU.ActiveCfg = Release|Any CPU
		{06F911B4-F0E6-48F7-A528-DCF25FD50833}.Public|Any CPU.Build.0 = Release|Any CPU
		{06F911B4-F0E6-48F7-A528-DCF25FD50833}.Public|Mixed Platforms.ActiveCfg = Release|Any CPU
		{06F911B4-F0E6-48F7-A528-DCF25FD50833}.Public|Mixed Platforms.Build.0 = Release|Any CPU
		{06F911B4-F0E6-48F7-A528-DCF25FD50833}.Public|Win32.ActiveCfg = Release|Any CPU
		{06F911B4-F0E6-48F7-A528-DCF25FD50833}.Public|x64.ActiveCfg = Release|x64
		{06F911B4-F0E6-48F7-A528-DCF25FD50833}.Public|x64.Build.0 = Release|x64
		{06F911B4-F0E6-48F7-A528-DCF25FD50833}.Release (editor)|Any CPU.ActiveCfg = Release|Any CPU
		{06F911B4-F0E6-48F7-A528-DCF25FD50833}.Release (editor)|Any CPU.Build.0 = Release|Any CPU
		{06F911B4-F0E6-48F7-A528-DCF25FD50833}.Release (editor)|Mixed Platforms.ActiveCfg = Release|Any CPU
		{06F911B4-F0E6-48F7-A528-DCF25FD50833}.Release (editor)|Mixed Platforms.Build.0 = Release|Any CPU
		{06F911B4-F0E6-48F7-A528-DCF25FD50833}.Release (editor)|Win32.ActiveCfg = Release|Any CPU
		{06F911B4-F0E6-48F7-A528-DCF25FD50833}.Release (editor)|x64.ActiveCfg = Release|x64
		{06F911B4-F0E6-48F7-A528-DCF25FD50833}.Release (editor)|x64.Build.0 = Release|x64
		{06F911B4-F0E6-48F7-A528-DCF25FD50833}.Release|Any CPU.ActiveCfg = Release|Any CPU
		{06F911B4-F0E6-48F7-A528-DCF25FD50833}.Release|Any CPU.Build.0 = Release|Any CPU
		{06F911B4-F0E6-48F7-A528-DCF25FD50833}.Release|Mixed Platforms.ActiveCfg = Release|Any CPU
		{06F911B4-F0E6-48F7-A528-DCF25FD50833}.Release|Mixed Platforms.Build.0 = Release|Any CPU
		{06F911B4-F0E6-48F7-A528-DCF25FD50833}.Release|Win32.ActiveCfg = Release|Any CPU
		{06F911B4-F0E6-48F7-A528-DCF25FD50833}.Release|x64.ActiveCfg = Release|x64
		{78744011-976C-4C40-9B61-481808AB003E}.Debug|Any CPU.ActiveCfg = Debug|Win32
		{78744011-976C-4C40-9B61-481808AB003E}.Debug|Mixed Platforms.ActiveCfg = Debug|Win32
		{78744011-976C-4C40-9B61-481808AB003E}.Debug|Mixed Platforms.Build.0 = Debug|Win32
		{78744011-976C-4C40-9B61-481808AB003E}.Debug|Win32.ActiveCfg = Debug|Win32
		{78744011-976C-4C40-9B61-481808AB003E}.Debug|Win32.Build.0 = Debug|Win32
		{78744011-976C-4C40-9B61-481808AB003E}.Debug|x64.ActiveCfg = Debug|x64
		{78744011-976C-4C40-9B61-481808AB003E}.Debug|x64.Build.0 = Debug|x64
		{78744011-976C-4C40-9B61-481808AB003E}.Public|Any CPU.ActiveCfg = Release|Win32
		{78744011-976C-4C40-9B61-481808AB003E}.Public|Mixed Platforms.ActiveCfg = Release|Win32
		{78744011-976C-4C40-9B61-481808AB003E}.Public|Mixed Platforms.Build.0 = Release|Win32
		{78744011-976C-4C40-9B61-481808AB003E}.Public|Win32.ActiveCfg = Release|Win32
		{78744011-976C-4C40-9B61-481808AB003E}.Public|Win32.Build.0 = Release|Win32
		{78744011-976C-4C40-9B61-481808AB003E}.Public|x64.ActiveCfg = Release|x64
		{78744011-976C-4C40-9B61-481808AB003E}.Public|x64.Build.0 = Release|x64
		{78744011-976C-4C40-9B61-481808AB003E}.Release (editor)|Any CPU.ActiveCfg = Release|Win32
		{78744011-976C-4C40-9B61-481808AB003E}.Release (editor)|Mixed Platforms.ActiveCfg = Release|Win32
		{78744011-976C-4C40-9B61-481808AB003E}.Release (editor)|Mixed Platforms.Build.0 = Release|Win32
		{78744011-976C-4C40-9B61-481808AB003E}.Release (editor)|Win32.ActiveCfg = Release|Win32
		{78744011-976C-4C40-9B61-481808AB003E}.Release (editor)|Win32.Build.0 = Release|Win32
		{78744011-976C-4C40-9B61-481808AB003E}.Release (editor)|x64.ActiveCfg = Release|x64
		{78744011-976C-4C40-9B61-481808AB003E}.Release (editor)|x64.Build.0 = Release|x64
		{78744011-976C-4C40-9B61-481808AB003E}.Release|Any CPU.ActiveCfg = Release|Win32
		{78744011-976C-4C40-9B61-481808AB003E}.Release|Mixed Platforms.ActiveCfg = Release|Win32
		{78744011-976C-4C40-9B61-481808AB003E}.Release|Mixed Platforms.Build.0 = Release|Win32
		{78744011-976C-4C40-9B61-481808AB003E}.Release|Win32.ActiveCfg = Release|Win32
		{78744011-976C-4C40-9B61-481808AB003E}.Release|Win32.Build.0 = Release|Win32
		{78744011-976C-4C40-9B61-481808AB003E}.Release|x64.ActiveCfg = Release|x64
		{78744011-976C-4C40-9B61-481808AB003E}.Release|x64.Build.0 = Release|x64
		{9FDE0F51-DA8C-42F3-A262-CED5A8A90EDC}.Debug|Any CPU.ActiveCfg = Debug|Win32
		{9FDE0F51-DA8C-42F3-A262-CED5A8A90EDC}.Debug|Mixed Platforms.ActiveCfg = Debug|Win32
		{9FDE0F51-DA8C-42F3-A262-CED5A8A90EDC}.Debug|Mixed Platforms.Build.0 = Debug|Win32
		{9FDE0F51-DA8C-42F3-A262-CED5A8A90EDC}.Debug|Win32.ActiveCfg = Debug|Win32
		{9FDE0F51-DA8C-42F3-A262-CED5A8A90EDC}.Debug|Win32.Build.0 = Debug|Win32
		{9FDE0F51-DA8C-42F3-A262-CED5A8A90EDC}.Debug|x64.ActiveCfg = Debug|x64
		{9FDE0F51-DA8C-42F3-A262-CED5A8A90EDC}.Debug|x64.Build.0 = Debug|x64
		{9FDE0F51-DA8C-42F3-A262-CED5A8A90EDC}.Public|Any CPU.ActiveCfg = Release|Win32
		{9FDE0F51-DA8C-42F3-A262-CED5A8A90EDC}.Public|Mixed Platforms.ActiveCfg = Release|Win32
		{9FDE0F51-DA8C-42F3-A262-CED5A8A90EDC}.Public|Mixed Platforms.Build.0 = Release|Win32
		{9FDE0F51-DA8C-42F3-A262-CED5A8A90EDC}.Public|Win32.ActiveCfg = Release|Win32
		{9FDE0F51-DA8C-42F3-A262-CED5A8A90EDC}.Public|Win32.Build.0 = Release|Win32
		{9FDE0F51-DA8C-42F3-A262-CED5A8A90EDC}.Public|x64.ActiveCfg = Release|x64
		{9FDE0F51-DA8C-42F3-A262-CED5A8A90EDC}.Public|x64.Build.0 = Release|x64
		{9FDE0F51-DA8C-42F3-A262-CED5A8A90EDC}.Release (editor)|Any CPU.ActiveCfg = Release|Win32
		{9FDE0F51-DA8C-42F3-A262-CED5A8A90EDC}.Release (editor)|Mixed Platforms.ActiveCfg = Release|Win32
		{9FDE0F51-DA8C-42F3-A262-CED5A8A90EDC}.Release (editor)|Mixed Platforms.Build.0 = Release|Win32
		{9FDE0F51-DA8C-42F3-A262-CED5A8A90EDC}.Release (editor)|Win32.ActiveCfg = Release|Win32
		{9FDE0F51-DA8C-42F3-A262-CED5A8A90EDC}.Release (editor)|Win32.Build.0 = Release|Win32
		{9FDE0F51-DA8C-42F3-A262-CED5A8A90EDC}.Release (editor)|x64.ActiveCfg = Release|x64
		{9FDE0F51-DA8C-42F3-A262-CED5A8A90EDC}.Release (editor)|x64.Build.0 = Release|x64
		{9FDE0F51-DA8C-42F3-A262-CED5A8A90EDC}.Release|Any CPU.ActiveCfg = Release|Win32
		{9FDE0F51-DA8C-42F3-A262-CED5A8A90EDC}.Release|Mixed Platforms.ActiveCfg = Release|Win32
		{9FDE0F51-DA8C-42F3-A262-CED5A8A90EDC}.Release|Mixed Platforms.Build.0 = Release|Win32
		{9FDE0F51-DA8C-42F3-A262-CED5A8A90EDC}.Release|Win32.ActiveCfg = Release|Win32
		{9FDE0F51-DA8C-42F3-A262-CED5A8A90EDC}.Release|Win32.Build.0 = Release|Win32
		{9FDE0F51-DA8C-42F3-A262-CED5A8A90EDC}.Release|x64.ActiveCfg = Release|x64
		{9FDE0F51-DA8C-42F3-A262-CED5A8A90EDC}.Release|x64.Build.0 = Release|x64
		{F084FE41-029C-45B4-AFD3-4429BFA7732E}.Debug|Any CPU.ActiveCfg = Debug|Win32
		{F084FE41-029C-45B4-AFD3-4429BFA7732E}.Debug|Mixed Platforms.ActiveCfg = Debug|Win32
		{F084FE41-029C-45B4-AFD3-4429BFA7732E}.Debug|Mixed Platforms.Build.0 = Debug|Win32
		{F084FE41-029C-45B4-AFD3-4429BFA7732E}.Debug|Win32.ActiveCfg = Debug|Win32
		{F084FE41-029C-45B4-AFD3-4429BFA7732E}.Debug|Win32.Build.0 = Debug|Win32
		{F084FE41-029C-45B4-AFD3-4429BFA7732E}.Debug|x64.ActiveCfg = Debug|x64
		{F084FE41-029C-45B4-AFD3-4429BFA7732E}.Debug|x64.Build.0 = Debug|x64
		{F084FE41-029C-45B4-AFD3-4429BFA7732E}.Public|Any CPU.ActiveCfg = Release|Win32
		{F084FE41-029C-45B4-AFD3-4429BFA7732E}.Public|Mixed Platforms.ActiveCfg = Release|Win32
		{F084FE41-029C-45B4-AFD3-4429BFA7732E}.Public|Mixed Platforms.Build.0 = Release|Win32
		{F084FE41-029C-45B4-AFD3-4429BFA7732E}.Public|Win32.ActiveCfg = Release|Win32
		{F084FE41-029C-45B4-AFD3-4429BFA7732E}.Public|Win32.Build.0 = Release|Win32
		{F084FE41-029C-45B4-AFD3-4429BFA7732E}.Public|x64.ActiveCfg = Release|x64
		{F084FE41-029C-45B4-AFD3-4429BFA7732E}.Public|x64.Build.0 = Release|x64
		{F084FE41-029C-45B4-AFD3-4429BFA7732E}.Release (editor)|Any CPU.ActiveCfg = Release|Win32
		{F084FE41-029C-45B4-AFD3-4429BFA7732E}.Release (editor)|Mixed Platforms.ActiveCfg = Release|Win32
		{F084FE41-029C-45B4-AFD3-4429BFA7732E}.Release (editor)|Mixed Platforms.Build.0 = Release|Win32
		{F084FE41-029C-45B4-AFD3-4429BFA7732E}.Release (editor)|Win32.ActiveCfg = Release|Win32
		{F084FE41-029C-45B4-AFD3-4429BFA7732E}.Release (editor)|Win32.Build.0 = Release|Win32
		{F084FE41-029C-45B4-AFD3-4429BFA7732E}.Release (editor)|x64.ActiveCfg = Release|x64
		{F084FE41-029C-45B4-AFD3-4429BFA7732E}.Release (editor)|x64.Build.0 = Release|x64
		{F084FE41-029C-45B4-AFD3-4429BFA7732E}.Release|Any CPU.ActiveCfg = Release|Win32
		{F084FE41-029C-45B4-AFD3-4429BFA7732E}.Release|Mixed Platforms.ActiveCfg = Release|Win32
		{F084FE41-029C-45B4-AFD3-4429BFA7732E}.Release|Mixed Platforms.Build.0 = Release|Win32
		{F084FE41-029C-45B4-AFD3-4429BFA7732E}.Release|Win32.ActiveCfg = Release|Win32
		{F084FE41-029C-45B4-AFD3-4429BFA7732E}.Release|Win32.Build.0 = Release|Win32
		{F084FE41-029C-45B4-AFD3-4429BFA7732E}.Release|x64.ActiveCfg = Release|x64
		{F084FE41-029C-45B4-AFD3-4429BFA7732E}.Release|x64.Build.0 = Release|x64
		{31B83D8E-25EB-4D86-B99A-0B221E51A049}.Debug|Any CPU.ActiveCfg = Debug|Win32
		{31B83D8E-25EB-4D86-B99A-0B221E51A049}.Debug|Mixed Platforms.ActiveCfg = Debug|Win32
		{31B83D8E-25EB-4D86-B99A-0B221E51A049}.Debug|Mixed Platforms.Build.0 = Debug|Win32
		{31B83D8E-25EB-4D86-B99A-0B221E51A049}.Debug|Win32.ActiveCfg = Debug|Win32
		{31B83D8E-25EB-4D86-B99A-0B221E51A049}.Debug|Win32.Build.0 = Debug|Win32
		{31B83D8E-25EB-4D86-B99A-0B221E51A049}.Debug|x64.ActiveCfg = Debug|x64
		{31B83D8E-25EB-4D86-B99A-0B221E51A049}.Debug|x64.Build.0 = Debug|x64
		{31B83D8E-25EB-4D86-B99A-0B221E51A049}.Public|Any CPU.ActiveCfg = Release|Win32
		{31B83D8E-25EB-4D86-B99A-0B221E51A049}.Public|Mixed Platforms.ActiveCfg = Release|Win32
		{31B83D8E-25EB-4D86-B99A-0B221E51A049}.Public|Mixed Platforms.Build.0 = Release|Win32
		{31B83D8E-25EB-4D86-B99A-0B221E51A049}.Public|Win32.ActiveCfg = Release|Win32
		{31B83D8E-25EB-4D86-B99A-0B221E51A049}.Public|Win32.Build.0 = Release|Win32
		{31B83D8E-25EB-4D86-B99A-0B221E51A049}.Public|x64.ActiveCfg = Release|x64
		{31B83D8E-25EB-4D86-B99A-0B221E51A049}.Public|x64.Build.0 = Release|x64
		{31B83D8E-25EB-4D86-B99A-0B221E51A049}.Release (editor)|Any CPU.ActiveCfg = Release|Win32
		{31B83D8E-25EB-4D86-B99A-0B221E51A049}.Release (editor)|Mixed Platforms.ActiveCfg = Release|Win32
		{31B83D8E-25EB-4D86-B99A-0B221E51A049}.Release (editor)|Mixed Platforms.Build.0 = Release|Win32
		{31B83D8E-25EB-4D86-B99A-0B221E51A049}.Release (editor)|Win32.ActiveCfg = Release|Win32
		{31B83D8E-25EB-4D86-B99A-0B221E51A049}.Release (editor)|Win32.Build.0 = Release|Win32
		{31B83D8E-25EB-4D86-B99A-0B221E51A049}.Release (editor)|x64.ActiveCfg = Release|x64
		{31B83D8E-25EB-4D86-B99A-0B221E51A049}.Release (editor)|x64.Build.0 = Release|x64
		{31B83D8E-25EB-4D86-B99A-0B221E51A049}.Release|Any CPU.ActiveCfg = Release|Win32
		{31B83D8E-25EB-4D86-B99A-0B221E51A049}.Release|Mixed Platforms.ActiveCfg = Release|Win32
		{31B83D8E-25EB-4D86-B99A-0B221E51A049}.Release|Mixed Platforms.Build.0 = Release|Win32
		{31B83D8E-25EB-4D86-B99A-0B221E51A049}.Release|Win32.ActiveCfg = Release|Win32
		{31B83D8E-25EB-4D86-B99A-0B221E51A049}.Release|Win32.Build.0 = Release|Win32
		{31B83D8E-25EB-4D86-B99A-0B221E51A049}.Release|x64.ActiveCfg = Release|x64
		{31B83D8E-25EB-4D86-B99A-0B221E51A049}.Release|x64.Build.0 = Release|x64
		{5285A0CD-46B4-4C38-82D8-F0C8549BD958}.Debug|Any CPU.ActiveCfg = Debug|Win32
		{5285A0CD-46B4-4C38-82D8-F0C8549BD958}.Debug|Mixed Platforms.ActiveCfg = Debug|Win32
		{5285A0CD-46B4-4C38-82D8-F0C8549BD958}.Debug|Mixed Platforms.Build.0 = Debug|Win32
		{5285A0CD-46B4-4C38-82D8-F0C8549BD958}.Debug|Win32.ActiveCfg = Debug|Win32
		{5285A0CD-46B4-4C38-82D8-F0C8549BD958}.Debug|Win32.Build.0 = Debug|Win32
		{5285A0CD-46B4-4C38-82D8-F0C8549BD958}.Debug|x64.ActiveCfg = Debug|x64
		{5285A0CD-46B4-4C38-82D8-F0C8549BD958}.Debug|x64.Build.0 = Debug|x64
		{5285A0CD-46B4-4C38-82D8-F0C8549BD958}.Public|Any CPU.ActiveCfg = Release|Win32
		{5285A0CD-46B4-4C38-82D8-F0C8549BD958}.Public|Mixed Platforms.ActiveCfg = Release|Win32
		{5285A0CD-46B4-4C38-82D8-F0C8549BD958}.Public|Mixed Platforms.Build.0 = Release|Win32
		{5285A0CD-46B4-4C38-82D8-F0C8549BD958}.Public|Win32.ActiveCfg = Release|Win32
		{5285A0CD-46B4-4C38-82D8-F0C8549BD958}.Public|Win32.Build.0 = Release|Win32
		{5285A0CD-46B4-4C38-82D8-F0C8549BD958}.Public|x64.ActiveCfg = Release|x64
		{5285A0CD-46B4-4C38-82D8-F0C8549BD958}.Public|x64.Build.0 = Release|x64
		{5285A0CD-46B4-4C38-82D8-F0C8549BD958}.Release (editor)|Any CPU.ActiveCfg = Release|Win32
		{5285A0CD-46B4-4C38-82D8-F0C8549BD958}.Release (editor)|Mixed Platforms.ActiveCfg = Release|Win32
		{5285A0CD-46B4-4C38-82D8-F0C8549BD958}.Release (editor)|Mixed Platforms.Build.0 = Release|Win32
		{5285A0CD-46B4-4C38-82D8-F0C8549BD958}.Release (editor)|Win32.ActiveCfg = Release|Win32
		{5285A0CD-46B4-4C38-82D8-F0C8549BD958}.Release (editor)|Win32.Build.0 = Release|Win32
		{5285A0CD-46B4-4C38-82D8-F0C8549BD958}.Release (editor)|x64.ActiveCfg = Release|x64
		{5285A0CD-46B4-4C38-82D8-F0C8549BD958}.Release (editor)|x64.Build.0 = Release|x64
		{5285A0CD-46B4-4C38-82D8-F0C8549BD958}.Release|Any CPU.ActiveCfg = Release|Win32
		{5285A0CD-46B4-4C38-82D8-F0C8549BD958}.Release|Mixed Platforms.ActiveCfg = Release|Win32
		{5285A0CD-46B4-4C38-82D8-F0C8549BD958}.Release|Mixed Platforms.Build.0 = Release|Win32
		{5285A0CD-46B4-4C38-82D8-F0C8549BD958}.Release|Win32.ActiveCfg = Release|Win32
		{5285A0CD-46B4-4C38-82D8-F0C8549BD958}.Release|Win32.Build.0 = Release|Win32
		{5285A0CD-46B4-4C38-82D8-F0C8549BD958}.Release|x64.ActiveCfg = Release|x64
		{5285A0CD-46B4-4C38-82D8-F0C8549BD958}.Release|x64.Build.0 = Release|x64
		{14E6E2ED-3AC6-4630-BA5A-A40FE9D3621C}.Debug|Any CPU.ActiveCfg = Debug|Any CPU
		{14E6E2ED-3AC6-4630-BA5A-A40FE9D3621C}.Debug|Any CPU.Build.0 = Debug|Any CPU
		{14E6E2ED-3AC6-4630-BA5A-A40FE9D3621C}.Debug|Mixed Platforms.ActiveCfg = Debug|Any CPU
		{14E6E2ED-3AC6-4630-BA5A-A40FE9D3621C}.Debug|Mixed Platforms.Build.0 = Debug|Any CPU
		{14E6E2ED-3AC6-4630-BA5A-A40FE9D3621C}.Debug|Win32.ActiveCfg = Debug|Any CPU
		{14E6E2ED-3AC6-4630-BA5A-A40FE9D3621C}.Debug|x64.ActiveCfg = Debug|Any CPU
		{14E6E2ED-3AC6-4630-BA5A-A40FE9D3621C}.Public|Any CPU.ActiveCfg = Release|Any CPU
		{14E6E2ED-3AC6-4630-BA5A-A40FE9D3621C}.Public|Any CPU.Build.0 = Release|Any CPU
		{14E6E2ED-3AC6-4630-BA5A-A40FE9D3621C}.Public|Mixed Platforms.ActiveCfg = Release|Any CPU
		{14E6E2ED-3AC6-4630-BA5A-A40FE9D3621C}.Public|Mixed Platforms.Build.0 = Release|Any CPU
		{14E6E2ED-3AC6-4630-BA5A-A40FE9D3621C}.Public|Win32.ActiveCfg = Release|Any CPU
		{14E6E2ED-3AC6-4630-BA5A-A40FE9D3621C}.Public|x64.ActiveCfg = Release|Any CPU
		{14E6E2ED-3AC6-4630-BA5A-A40FE9D3621C}.Release (editor)|Any CPU.ActiveCfg = Release|Any CPU
		{14E6E2ED-3AC6-4630-BA5A-A40FE9D3621C}.Release (editor)|Any CPU.Build.0 = Release|Any CPU
		{14E6E2ED-3AC6-4630-BA5A-A40FE9D3621C}.Release (editor)|Mixed Platforms.ActiveCfg = Release|Any CPU
		{14E6E2ED-3AC6-4630-BA5A-A40FE9D3621C}.Release (editor)|Mixed Platforms.Build.0 = Release|Any CPU
		{14E6E2ED-3AC6-4630-BA5A-A40FE9D3621C}.Release (editor)|Win32.ActiveCfg = Release|Any CPU
		{14E6E2ED-3AC6-4630-BA5A-A40FE9D3621C}.Release (editor)|x64.ActiveCfg = Release|Any CPU
		{14E6E2ED-3AC6-4630-BA5A-A40FE9D3621C}.Release|Any CPU.ActiveCfg = Release|Any CPU
		{14E6E2ED-3AC6-4630-BA5A-A40FE9D3621C}.Release|Any CPU.Build.0 = Release|Any CPU
		{14E6E2ED-3AC6-4630-BA5A-A40FE9D3621C}.Release|Mixed Platforms.ActiveCfg = Release|Any CPU
		{14E6E2ED-3AC6-4630-BA5A-A40FE9D3621C}.Release|Mixed Platforms.Build.0 = Release|Any CPU
		{14E6E2ED-3AC6-4630-BA5A-A40FE9D3621C}.Release|Win32.ActiveCfg = Release|Any CPU
		{14E6E2ED-3AC6-4630-BA5A-A40FE9D3621C}.Release|x64.ActiveCfg = Release|Any CPU
	EndGlobalSection
	GlobalSection(SolutionProperties) = preSolution
		HideSolutionNode = FALSE
	EndGlobalSection
	GlobalSection(NestedProjects) = preSolution
		{890E79BF-16BE-4765-8B45-4940BB450EE6} = {E191567A-5488-4805-81B1-BBF424BCBAA1}
		{A157F290-10A4-48D4-BCB9-78F6A5653ADC} = {E191567A-5488-4805-81B1-BBF424BCBAA1}
		{1E57856A-F566-4AF4-B6E7-5E4B5CBDCC11} = {E191567A-5488-4805-81B1-BBF424BCBAA1}
		{7A7D9416-526F-4CE7-9286-C6394D318299} = {E191567A-5488-4805-81B1-BBF424BCBAA1}
		{06F911B4-F0E6-48F7-A528-DCF25FD50833} = {E191567A-5488-4805-81B1-BBF424BCBAA1}
		{E0555E88-A293-4B50-81C9-B5C1B07077FA} = {E191567A-5488-4805-81B1-BBF424BCBAA1}
		{31B83D8E-25EB-4D86-B99A-0B221E51A049} = {E191567A-5488-4805-81B1-BBF424BCBAA1}
		{14E6E2ED-3AC6-4630-BA5A-A40FE9D3621C} = {E191567A-5488-4805-81B1-BBF424BCBAA1}
	EndGlobalSection
EndGlobal
